
Microsoft Visual Studio Solution File, Format Version 12.00
# Visual Studio Version 16
VisualStudioVersion = 16.0.31105.61
MinimumVisualStudioVersion = 10.0.40219.1
Project("{FAE04EC0-301F-11D3-BF4B-00C04F79EFBC}") = "MyDailyHub", "MyDailyHub.csproj", "{041770DF-9A55-4D59-84BD-564007314B8C}"
EndProject
Global
	GlobalSection(SolutionConfigurationPlatforms) = preSolution
		Debug|Any CPU = Debug|Any CPU
		Release|Any CPU = Release|Any CPU
	EndGlobalSection
	GlobalSection(ProjectConfigurationPlatforms) = postSolution
		{041770DF-9A55-4D59-84BD-564007314B8C}.Debug|Any CPU.ActiveCfg = Debug|Any CPU
		{041770DF-9A55-4D59-84BD-564007314B8C}.Debug|Any CPU.Build.0 = Debug|Any CPU
		{041770DF-9A55-4D59-84BD-564007314B8C}.Release|Any CPU.ActiveCfg = Release|Any CPU
		{041770DF-9A55-4D59-84BD-564007314B8C}.Release|Any CPU.Build.0 = Release|Any CPU
	EndGlobalSection
	GlobalSection(SolutionProperties) = preSolution
		HideSolutionNode = FALSE
	EndGlobalSection
	GlobalSection(ExtensibilityGlobals) = postSolution
		SolutionGuid = {69C8852E-0085-4AD2-8762-1712B1621667}
	EndGlobalSection
EndGlobal
